
Microsoft Visual Studio Solution File, Format Version 12.00
# Visual Studio Version 17
VisualStudioVersion = 17.4.33122.133
MinimumVisualStudioVersion = 10.0.40219.1
Project("{FAE04EC0-301F-11D3-BF4B-00C04F79EFBC}") = "DarioDrazenovicSOAP-IIS", "DarioDrazenovicSOAP-IIS\DarioDrazenovicSOAP-IIS.csproj", "{753834C8-8FA3-4F60-8726-5039AF7370F1}"
EndProject
Global
	GlobalSection(SolutionConfigurationPlatforms) = preSolution
		Debug|Any CPU = Debug|Any CPU
		Release|Any CPU = Release|Any CPU
	EndGlobalSection
	GlobalSection(ProjectConfigurationPlatforms) = postSolution
		{753834C8-8FA3-4F60-8726-5039AF7370F1}.Debug|Any CPU.ActiveCfg = Debug|Any CPU
		{753834C8-8FA3-4F60-8726-5039AF7370F1}.Debug|Any CPU.Build.0 = Debug|Any CPU
		{753834C8-8FA3-4F60-8726-5039AF7370F1}.Release|Any CPU.ActiveCfg = Release|Any CPU
		{753834C8-8FA3-4F60-8726-5039AF7370F1}.Release|Any CPU.Build.0 = Release|Any CPU
	EndGlobalSection
	GlobalSection(SolutionProperties) = preSolution
		HideSolutionNode = FALSE
	EndGlobalSection
	GlobalSection(ExtensibilityGlobals) = postSolution
		SolutionGuid = {3F3332A7-70E0-4C4A-B0DE-4184855A56AC}
	EndGlobalSection
EndGlobal
